
Microsoft Visual Studio Solution File, Format Version 12.00
# Visual Studio Version 17
VisualStudioVersion = 17.5.33502.453
MinimumVisualStudioVersion = 10.0.40219.1
Project("{FAE04EC0-301F-11D3-BF4B-00C04F79EFBC}") = "Streamish", "Streamish.csproj", "{8D0E241B-CB55-407C-BA44-58CFD21D434D}"
EndProject
Global
	GlobalSection(SolutionConfigurationPlatforms) = preSolution
		Debug|Any CPU = Debug|Any CPU
		Release|Any CPU = Release|Any CPU
	EndGlobalSection
	GlobalSection(ProjectConfigurationPlatforms) = postSolution
		{8D0E241B-CB55-407C-BA44-58CFD21D434D}.Debug|Any CPU.ActiveCfg = Debug|Any CPU
		{8D0E241B-CB55-407C-BA44-58CFD21D434D}.Debug|Any CPU.Build.0 = Debug|Any CPU
		{8D0E241B-CB55-407C-BA44-58CFD21D434D}.Release|Any CPU.ActiveCfg = Release|Any CPU
		{8D0E241B-CB55-407C-BA44-58CFD21D434D}.Release|Any CPU.Build.0 = Release|Any CPU
	EndGlobalSection
	GlobalSection(SolutionProperties) = preSolution
		HideSolutionNode = FALSE
	EndGlobalSection
	GlobalSection(ExtensibilityGlobals) = postSolution
		SolutionGuid = {C9A5F07D-E3FE-4F79-9CC9-23F7F647F2D9}
	EndGlobalSection
EndGlobal
